
Microsoft Visual Studio Solution File, Format Version 12.00
# Visual Studio Version 17
VisualStudioVersion = 17.6.33829.357
MinimumVisualStudioVersion = 10.0.40219.1
Project("{FAE04EC0-301F-11D3-BF4B-00C04F79EFBC}") = "TV_Lab_1", "TV_Lab_1\TV_Lab_1.csproj", "{7A17D1ED-0767-4688-BCFB-11F2B3C9F4BF}"
EndProject
Global
	GlobalSection(SolutionConfigurationPlatforms) = preSolution
		Debug|Any CPU = Debug|Any CPU
		Release|Any CPU = Release|Any CPU
	EndGlobalSection
	GlobalSection(ProjectConfigurationPlatforms) = postSolution
		{7A17D1ED-0767-4688-BCFB-11F2B3C9F4BF}.Debug|Any CPU.ActiveCfg = Debug|Any CPU
		{7A17D1ED-0767-4688-BCFB-11F2B3C9F4BF}.Debug|Any CPU.Build.0 = Debug|Any CPU
		{7A17D1ED-0767-4688-BCFB-11F2B3C9F4BF}.Release|Any CPU.ActiveCfg = Release|Any CPU
		{7A17D1ED-0767-4688-BCFB-11F2B3C9F4BF}.Release|Any CPU.Build.0 = Release|Any CPU
	EndGlobalSection
	GlobalSection(SolutionProperties) = preSolution
		HideSolutionNode = FALSE
	EndGlobalSection
	GlobalSection(ExtensibilityGlobals) = postSolution
		SolutionGuid = {DCAA3295-160A-42F4-A5DB-E762A18AC89B}
	EndGlobalSection
EndGlobal
